
Microsoft Visual Studio Solution File, Format Version 12.00
# Visual Studio Version 16
VisualStudioVersion = 16.0.29424.173
MinimumVisualStudioVersion = 10.0.40219.1
Project("{FAE04EC0-301F-11D3-BF4B-00C04F79EFBC}") = "SocialNetwork.Api", "SocialNetwork.Api\SocialNetwork.Api.csproj", "{88DFD851-7407-498D-A869-9F36A96EB4E9}"
EndProject
Project("{FAE04EC0-301F-11D3-BF4B-00C04F79EFBC}") = "SocialNetwork.Data", "SocialNetwork.Data\SocialNetwork.Data.csproj", "{4CC2BEDD-FEE9-4E71-8B70-6D47909A48F8}"
EndProject
Project("{FAE04EC0-301F-11D3-BF4B-00C04F79EFBC}") = "SocialNetwork.DbMigrations", "SocialNetwork.DbMigrations\SocialNetwork.DbMigrations.csproj", "{C9735ACB-D70C-4EA0-AB59-4C517661E638}"
EndProject
Project("{FAE04EC0-301F-11D3-BF4B-00C04F79EFBC}") = "SocialNetwork.Web", "SocialNetwork.Web\SocialNetwork.Web.csproj", "{79DB763A-924B-4149-BD54-C1B1C44D32A9}"
EndProject
Project("{FAE04EC0-301F-11D3-BF4B-00C04F79EFBC}") = "SocialNetwork.OAuth", "SocialNetwork.OAuth\SocialNetwork.OAuth.csproj", "{D4000881-8605-418E-825F-2538B63629C2}"
EndProject
Global
	GlobalSection(SolutionConfigurationPlatforms) = preSolution
		Debug|Any CPU = Debug|Any CPU
		Release|Any CPU = Release|Any CPU
	EndGlobalSection
	GlobalSection(ProjectConfigurationPlatforms) = postSolution
		{88DFD851-7407-498D-A869-9F36A96EB4E9}.Debug|Any CPU.ActiveCfg = Debug|Any CPU
		{88DFD851-7407-498D-A869-9F36A96EB4E9}.Debug|Any CPU.Build.0 = Debug|Any CPU
		{88DFD851-7407-498D-A869-9F36A96EB4E9}.Release|Any CPU.ActiveCfg = Release|Any CPU
		{88DFD851-7407-498D-A869-9F36A96EB4E9}.Release|Any CPU.Build.0 = Release|Any CPU
		{4CC2BEDD-FEE9-4E71-8B70-6D47909A48F8}.Debug|Any CPU.ActiveCfg = Debug|Any CPU
		{4CC2BEDD-FEE9-4E71-8B70-6D47909A48F8}.Debug|Any CPU.Build.0 = Debug|Any CPU
		{4CC2BEDD-FEE9-4E71-8B70-6D47909A48F8}.Release|Any CPU.ActiveCfg = Release|Any CPU
		{4CC2BEDD-FEE9-4E71-8B70-6D47909A48F8}.Release|Any CPU.Build.0 = Release|Any CPU
		{C9735ACB-D70C-4EA0-AB59-4C517661E638}.Debug|Any CPU.ActiveCfg = Debug|Any CPU
		{C9735ACB-D70C-4EA0-AB59-4C517661E638}.Debug|Any CPU.Build.0 = Debug|Any CPU
		{C9735ACB-D70C-4EA0-AB59-4C517661E638}.Release|Any CPU.ActiveCfg = Release|Any CPU
		{C9735ACB-D70C-4EA0-AB59-4C517661E638}.Release|Any CPU.Build.0 = Release|Any CPU
		{79DB763A-924B-4149-BD54-C1B1C44D32A9}.Debug|Any CPU.ActiveCfg = Debug|Any CPU
		{79DB763A-924B-4149-BD54-C1B1C44D32A9}.Debug|Any CPU.Build.0 = Debug|Any CPU
		{79DB763A-924B-4149-BD54-C1B1C44D32A9}.Release|Any CPU.ActiveCfg = Release|Any CPU
		{79DB763A-924B-4149-BD54-C1B1C44D32A9}.Release|Any CPU.Build.0 = Release|Any CPU
		{D4000881-8605-418E-825F-2538B63629C2}.Debug|Any CPU.ActiveCfg = Debug|Any CPU
		{D4000881-8605-418E-825F-2538B63629C2}.Debug|Any CPU.Build.0 = Debug|Any CPU
		{D4000881-8605-418E-825F-2538B63629C2}.Release|Any CPU.ActiveCfg = Release|Any CPU
		{D4000881-8605-418E-825F-2538B63629C2}.Release|Any CPU.Build.0 = Release|Any CPU
	EndGlobalSection
	GlobalSection(SolutionProperties) = preSolution
		HideSolutionNode = FALSE
	EndGlobalSection
	GlobalSection(ExtensibilityGlobals) = postSolution
		SolutionGuid = {DB620DBD-3CE3-4E55-9C28-03D182CE8DBA}
	EndGlobalSection
EndGlobal
